
Microsoft Visual Studio Solution File, Format Version 12.00
# Visual Studio Version 17
VisualStudioVersion = 17.0.31903.59
MinimumVisualStudioVersion = 10.0.40219.1
Project("{FAE04EC0-301F-11D3-BF4B-00C04F79EFBC}") = "Yggdrasil.Device", "Yggdrasil.Device\Yggdrasil.Device.csproj", "{CF9D9539-2B0C-4097-9FEA-0B14776FF126}"
EndProject
Project("{FAE04EC0-301F-11D3-BF4B-00C04F79EFBC}") = "Yggdrasil.Job", "Yggdrasil.Job\Yggdrasil.Job.csproj", "{70D2CED9-9B76-4202-BF3B-A312CDCE8D41}"
EndProject
Project("{FAE04EC0-301F-11D3-BF4B-00C04F79EFBC}") = "Yggdrasil.TelegramGateway", "Yggdrasil.TelegramGateway\Yggdrasil.TelegramGateway.csproj", "{0E6890B9-36A2-40EC-B90E-699A8867B5C1}"
EndProject
Global
	GlobalSection(SolutionConfigurationPlatforms) = preSolution
		Debug|Any CPU = Debug|Any CPU
		Debug|x64 = Debug|x64
		Debug|x86 = Debug|x86
		Release|Any CPU = Release|Any CPU
		Release|x64 = Release|x64
		Release|x86 = Release|x86
	EndGlobalSection
	GlobalSection(ProjectConfigurationPlatforms) = postSolution
		{CF9D9539-2B0C-4097-9FEA-0B14776FF126}.Debug|Any CPU.ActiveCfg = Debug|Any CPU
		{CF9D9539-2B0C-4097-9FEA-0B14776FF126}.Debug|Any CPU.Build.0 = Debug|Any CPU
		{CF9D9539-2B0C-4097-9FEA-0B14776FF126}.Debug|x64.ActiveCfg = Debug|Any CPU
		{CF9D9539-2B0C-4097-9FEA-0B14776FF126}.Debug|x64.Build.0 = Debug|Any CPU
		{CF9D9539-2B0C-4097-9FEA-0B14776FF126}.Debug|x86.ActiveCfg = Debug|Any CPU
		{CF9D9539-2B0C-4097-9FEA-0B14776FF126}.Debug|x86.Build.0 = Debug|Any CPU
		{CF9D9539-2B0C-4097-9FEA-0B14776FF126}.Release|Any CPU.ActiveCfg = Release|Any CPU
		{CF9D9539-2B0C-4097-9FEA-0B14776FF126}.Release|Any CPU.Build.0 = Release|Any CPU
		{CF9D9539-2B0C-4097-9FEA-0B14776FF126}.Release|x64.ActiveCfg = Release|Any CPU
		{CF9D9539-2B0C-4097-9FEA-0B14776FF126}.Release|x64.Build.0 = Release|Any CPU
		{CF9D9539-2B0C-4097-9FEA-0B14776FF126}.Release|x86.ActiveCfg = Release|Any CPU
		{CF9D9539-2B0C-4097-9FEA-0B14776FF126}.Release|x86.Build.0 = Release|Any CPU
		{70D2CED9-9B76-4202-BF3B-A312CDCE8D41}.Debug|Any CPU.ActiveCfg = Debug|Any CPU
		{70D2CED9-9B76-4202-BF3B-A312CDCE8D41}.Debug|Any CPU.Build.0 = Debug|Any CPU
		{70D2CED9-9B76-4202-BF3B-A312CDCE8D41}.Debug|x64.ActiveCfg = Debug|Any CPU
		{70D2CED9-9B76-4202-BF3B-A312CDCE8D41}.Debug|x64.Build.0 = Debug|Any CPU
		{70D2CED9-9B76-4202-BF3B-A312CDCE8D41}.Debug|x86.ActiveCfg = Debug|Any CPU
		{70D2CED9-9B76-4202-BF3B-A312CDCE8D41}.Debug|x86.Build.0 = Debug|Any CPU
		{70D2CED9-9B76-4202-BF3B-A312CDCE8D41}.Release|Any CPU.ActiveCfg = Release|Any CPU
		{70D2CED9-9B76-4202-BF3B-A312CDCE8D41}.Release|Any CPU.Build.0 = Release|Any CPU
		{70D2CED9-9B76-4202-BF3B-A312CDCE8D41}.Release|x64.ActiveCfg = Release|Any CPU
		{70D2CED9-9B76-4202-BF3B-A312CDCE8D41}.Release|x64.Build.0 = Release|Any CPU
		{70D2CED9-9B76-4202-BF3B-A312CDCE8D41}.Release|x86.ActiveCfg = Release|Any CPU
		{70D2CED9-9B76-4202-BF3B-A312CDCE8D41}.Release|x86.Build.0 = Release|Any CPU
		{0E6890B9-36A2-40EC-B90E-699A8867B5C1}.Debug|Any CPU.ActiveCfg = Debug|Any CPU
		{0E6890B9-36A2-40EC-B90E-699A8867B5C1}.Debug|Any CPU.Build.0 = Debug|Any CPU
		{0E6890B9-36A2-40EC-B90E-699A8867B5C1}.Debug|x64.ActiveCfg = Debug|Any CPU
		{0E6890B9-36A2-40EC-B90E-699A8867B5C1}.Debug|x64.Build.0 = Debug|Any CPU
		{0E6890B9-36A2-40EC-B90E-699A8867B5C1}.Debug|x86.ActiveCfg = Debug|Any CPU
		{0E6890B9-36A2-40EC-B90E-699A8867B5C1}.Debug|x86.Build.0 = Debug|Any CPU
		{0E6890B9-36A2-40EC-B90E-699A8867B5C1}.Release|Any CPU.ActiveCfg = Release|Any CPU
		{0E6890B9-36A2-40EC-B90E-699A8867B5C1}.Release|Any CPU.Build.0 = Release|Any CPU
		{0E6890B9-36A2-40EC-B90E-699A8867B5C1}.Release|x64.ActiveCfg = Release|Any CPU
		{0E6890B9-36A2-40EC-B90E-699A8867B5C1}.Release|x64.Build.0 = Release|Any CPU
		{0E6890B9-36A2-40EC-B90E-699A8867B5C1}.Release|x86.ActiveCfg = Release|Any CPU
		{0E6890B9-36A2-40EC-B90E-699A8867B5C1}.Release|x86.Build.0 = Release|Any CPU
	EndGlobalSection
	GlobalSection(SolutionProperties) = preSolution
		HideSolutionNode = FALSE
	EndGlobalSection
EndGlobal
